// !$*UTF8*$!
{
	archiveVersion = 1;
	classes = {
	};
	objectVersion = 46;
	objects = {

/* Begin PBXBuildFile section */
		A179832A1E2C7BC70027F06A /* AppDelegate.swift in Sources */ = {isa = PBXBuildFile; fileRef = A17983291E2C7BC70027F06A /* AppDelegate.swift */; };
		A179832F1E2C7BC70027F06A /* Main.storyboard in Resources */ = {isa = PBXBuildFile; fileRef = A179832D1E2C7BC70027F06A /* Main.storyboard */; };
		A17983311E2C7BC70027F06A /* Assets.xcassets in Resources */ = {isa = PBXBuildFile; fileRef = A17983301E2C7BC70027F06A /* Assets.xcassets */; };
		A17983471E2CFC250027F06A /* HGMainController.swift in Sources */ = {isa = PBXBuildFile; fileRef = A17983461E2CFC250027F06A /* HGMainController.swift */; };
		A17983581E2CFEED0027F06A /* HGEssenceController.swift in Sources */ = {isa = PBXBuildFile; fileRef = A17983571E2CFEED0027F06A /* HGEssenceController.swift */; };
		A179835A1E2CFF040027F06A /* HGFollowController.swift in Sources */ = {isa = PBXBuildFile; fileRef = A17983591E2CFF040027F06A /* HGFollowController.swift */; };
		A179835C1E2CFF190027F06A /* HGNewController.swift in Sources */ = {isa = PBXBuildFile; fileRef = A179835B1E2CFF190027F06A /* HGNewController.swift */; };
		A179835E1E2CFF310027F06A /* HGProfileController.swift in Sources */ = {isa = PBXBuildFile; fileRef = A179835D1E2CFF310027F06A /* HGProfileController.swift */; };
		A1ADA6451E45ACC00077DE6D /* UIView+Frame.swift in Sources */ = {isa = PBXBuildFile; fileRef = A1ADA6441E45ACC00077DE6D /* UIView+Frame.swift */; };
		A1ADA6471E45AFA50077DE6D /* Common.swift in Sources */ = {isa = PBXBuildFile; fileRef = A1ADA6461E45AFA50077DE6D /* Common.swift */; };
		A1CA9C361E457DC700A1E329 /* HGNavigationController.swift in Sources */ = {isa = PBXBuildFile; fileRef = A1CA9C351E457DC700A1E329 /* HGNavigationController.swift */; };
/* End PBXBuildFile section */

/* Begin PBXFileReference section */
		A17983261E2C7BC70027F06A /* SmallBaiSi.app */ = {isa = PBXFileReference; explicitFileType = wrapper.application; includeInIndex = 0; path = SmallBaiSi.app; sourceTree = BUILT_PRODUCTS_DIR; };
		A17983291E2C7BC70027F06A /* AppDelegate.swift */ = {isa = PBXFileReference; lastKnownFileType = sourcecode.swift; path = AppDelegate.swift; sourceTree = "<group>"; };
		A179832E1E2C7BC70027F06A /* Base */ = {isa = PBXFileReference; lastKnownFileType = file.storyboard; name = Base; path = Base.lproj/Main.storyboard; sourceTree = "<group>"; };
		A17983301E2C7BC70027F06A /* Assets.xcassets */ = {isa = PBXFileReference; lastKnownFileType = folder.assetcatalog; path = Assets.xcassets; sourceTree = "<group>"; };
		A17983351E2C7BC70027F06A /* Info.plist */ = {isa = PBXFileReference; lastKnownFileType = text.plist.xml; path = Info.plist; sourceTree = "<group>"; };
		A17983461E2CFC250027F06A /* HGMainController.swift */ = {isa = PBXFileReference; fileEncoding = 4; lastKnownFileType = sourcecode.swift; path = HGMainController.swift; sourceTree = "<group>"; };
		A17983571E2CFEED0027F06A /* HGEssenceController.swift */ = {isa = PBXFileReference; fileEncoding = 4; lastKnownFileType = sourcecode.swift; path = HGEssenceController.swift; sourceTree = "<group>"; };
		A17983591E2CFF040027F06A /* HGFollowController.swift */ = {isa = PBXFileReference; fileEncoding = 4; lastKnownFileType = sourcecode.swift; path = HGFollowController.swift; sourceTree = "<group>"; };
		A179835B1E2CFF190027F06A /* HGNewController.swift */ = {isa = PBXFileReference; fileEncoding = 4; lastKnownFileType = sourcecode.swift; path = HGNewController.swift; sourceTree = "<group>"; };
		A179835D1E2CFF310027F06A /* HGProfileController.swift */ = {isa = PBXFileReference; fileEncoding = 4; lastKnownFileType = sourcecode.swift; path = HGProfileController.swift; sourceTree = "<group>"; };
		A1ADA6441E45ACC00077DE6D /* UIView+Frame.swift */ = {isa = PBXFileReference; fileEncoding = 4; lastKnownFileType = sourcecode.swift; path = "UIView+Frame.swift"; sourceTree = "<group>"; };
		A1ADA6461E45AFA50077DE6D /* Common.swift */ = {isa = PBXFileReference; fileEncoding = 4; lastKnownFileType = sourcecode.swift; path = Common.swift; sourceTree = "<group>"; };
		A1CA9C351E457DC700A1E329 /* HGNavigationController.swift */ = {isa = PBXFileReference; fileEncoding = 4; lastKnownFileType = sourcecode.swift; path = HGNavigationController.swift; sourceTree = "<group>"; };
/* End PBXFileReference section */

/* Begin PBXFrameworksBuildPhase section */
		A17983231E2C7BC70027F06A /* Frameworks */ = {
			isa = PBXFrameworksBuildPhase;
			buildActionMask = 2147483647;
			files = (
			);
			runOnlyForDeploymentPostprocessing = 0;
		};
/* End PBXFrameworksBuildPhase section */

/* Begin PBXGroup section */
		A179831D1E2C7BC70027F06A = {
			isa = PBXGroup;
			children = (
				A17983281E2C7BC70027F06A /* SmallBaiSi */,
				A17983271E2C7BC70027F06A /* Products */,
			);
			sourceTree = "<group>";
		};
		A17983271E2C7BC70027F06A /* Products */ = {
			isa = PBXGroup;
			children = (
				A17983261E2C7BC70027F06A /* SmallBaiSi.app */,
			);
			name = Products;
			sourceTree = "<group>";
		};
		A17983281E2C7BC70027F06A /* SmallBaiSi */ = {
			isa = PBXGroup;
			children = (
				A179833B1E2C91A90027F06A /* Classes */,
				A17983291E2C7BC70027F06A /* AppDelegate.swift */,
				A179832D1E2C7BC70027F06A /* Main.storyboard */,
				A17983301E2C7BC70027F06A /* Assets.xcassets */,
				A17983351E2C7BC70027F06A /* Info.plist */,
			);
			path = SmallBaiSi;
			sourceTree = "<group>";
		};
		A179833B1E2C91A90027F06A /* Classes */ = {
			isa = PBXGroup;
			children = (
				A17983411E2CE1A40027F06A /* Main */,
				A179833C1E2C91A90027F06A /* Essence */,
				A179833E1E2C91A90027F06A /* New */,
				A17983401E2C91A90027F06A /* Publish */,
				A179833D1E2C91A90027F06A /* Follow */,
				A179833F1E2C91A90027F06A /* Profile */,
				A17983421E2CE1AF0027F06A /* Tools */,
			);
			path = Classes;
			sourceTree = "<group>";
		};
		A179833C1E2C91A90027F06A /* Essence */ = {
			isa = PBXGroup;
			children = (
				A17983481E2CFE2F0027F06A /* Controller */,
				A17983491E2CFE2F0027F06A /* Model */,
				A179834A1E2CFE2F0027F06A /* View */,
			);
			path = Essence;
			sourceTree = "<group>";
		};
		A179833D1E2C91A90027F06A /* Follow */ = {
			isa = PBXGroup;
			children = (
				A179834B1E2CFE3D0027F06A /* Controller */,
				A179834C1E2CFE3D0027F06A /* Model */,
				A179834D1E2CFE3D0027F06A /* View */,
			);
			path = Follow;
			sourceTree = "<group>";
		};
		A179833E1E2C91A90027F06A /* New */ = {
			isa = PBXGroup;
			children = (
				A179834E1E2CFE4A0027F06A /* Controller */,
				A179834F1E2CFE4A0027F06A /* Model */,
				A17983501E2CFE4A0027F06A /* View */,
			);
			path = New;
			sourceTree = "<group>";
		};
		A179833F1E2C91A90027F06A /* Profile */ = {
			isa = PBXGroup;
			children = (
				A17983511E2CFE550027F06A /* Controller */,
				A17983521E2CFE550027F06A /* Model */,
				A17983531E2CFE550027F06A /* View */,
			);
			path = Profile;
			sourceTree = "<group>";
		};
		A17983401E2C91A90027F06A /* Publish */ = {
			isa = PBXGroup;
			children = (
				A17983541E2CFE600027F06A /* Controller */,
				A17983551E2CFE600027F06A /* Model */,
				A17983561E2CFE600027F06A /* View */,
			);
			path = Publish;
			sourceTree = "<group>";
		};
		A17983411E2CE1A40027F06A /* Main */ = {
			isa = PBXGroup;
			children = (
				A17983441E2CFBF80027F06A /* Model */,
				A17983451E2CFBF80027F06A /* View */,
				A17983431E2CFBF80027F06A /* Controller */,
			);
			path = Main;
			sourceTree = "<group>";
		};
		A17983421E2CE1AF0027F06A /* Tools */ = {
			isa = PBXGroup;
			children = (
				A1ADA6461E45AFA50077DE6D /* Common.swift */,
				A1ADA6441E45ACC00077DE6D /* UIView+Frame.swift */,
			);
			path = Tools;
			sourceTree = "<group>";
		};
		A17983431E2CFBF80027F06A /* Controller */ = {
			isa = PBXGroup;
			children = (
				A17983461E2CFC250027F06A /* HGMainController.swift */,
				A1CA9C351E457DC700A1E329 /* HGNavigationController.swift */,
			);
			path = Controller;
			sourceTree = "<group>";
		};
		A17983441E2CFBF80027F06A /* Model */ = {
			isa = PBXGroup;
			children = (
			);
			path = Model;
			sourceTree = "<group>";
		};
		A17983451E2CFBF80027F06A /* View */ = {
			isa = PBXGroup;
			children = (
			);
			path = View;
			sourceTree = "<group>";
		};
		A17983481E2CFE2F0027F06A /* Controller */ = {
			isa = PBXGroup;
			children = (
				A17983571E2CFEED0027F06A /* HGEssenceController.swift */,
			);
			path = Controller;
			sourceTree = "<group>";
		};
		A17983491E2CFE2F0027F06A /* Model */ = {
			isa = PBXGroup;
			children = (
			);
			path = Model;
			sourceTree = "<group>";
		};
		A179834A1E2CFE2F0027F06A /* View */ = {
			isa = PBXGroup;
			children = (
			);
			path = View;
			sourceTree = "<group>";
		};
		A179834B1E2CFE3D0027F06A /* Controller */ = {
			isa = PBXGroup;
			children = (
				A17983591E2CFF040027F06A /* HGFollowController.swift */,
			);
			path = Controller;
			sourceTree = "<group>";
		};
		A179834C1E2CFE3D0027F06A /* Model */ = {
			isa = PBXGroup;
			children = (
			);
			path = Model;
			sourceTree = "<group>";
		};
		A179834D1E2CFE3D0027F06A /* View */ = {
			isa = PBXGroup;
			children = (
			);
			path = View;
			sourceTree = "<group>";
		};
		A179834E1E2CFE4A0027F06A /* Controller */ = {
			isa = PBXGroup;
			children = (
				A179835B1E2CFF190027F06A /* HGNewController.swift */,
			);
			path = Controller;
			sourceTree = "<group>";
		};
		A179834F1E2CFE4A0027F06A /* Model */ = {
			isa = PBXGroup;
			children = (
			);
			path = Model;
			sourceTree = "<group>";
		};
		A17983501E2CFE4A0027F06A /* View */ = {
			isa = PBXGroup;
			children = (
			);
			path = View;
			sourceTree = "<group>";
		};
		A17983511E2CFE550027F06A /* Controller */ = {
			isa = PBXGroup;
			children = (
				A179835D1E2CFF310027F06A /* HGProfileController.swift */,
			);
			path = Controller;
			sourceTree = "<group>";
		};
		A17983521E2CFE550027F06A /* Model */ = {
			isa = PBXGroup;
			children = (
			);
			path = Model;
			sourceTree = "<group>";
		};
		A17983531E2CFE550027F06A /* View */ = {
			isa = PBXGroup;
			children = (
			);
			path = View;
			sourceTree = "<group>";
		};
		A17983541E2CFE600027F06A /* Controller */ = {
			isa = PBXGroup;
			children = (
			);
			path = Controller;
			sourceTree = "<group>";
		};
		A17983551E2CFE600027F06A /* Model */ = {
			isa = PBXGroup;
			children = (
			);
			path = Model;
			sourceTree = "<group>";
		};
		A17983561E2CFE600027F06A /* View */ = {
			isa = PBXGroup;
			children = (
			);
			path = View;
			sourceTree = "<group>";
		};
/* End PBXGroup section */

/* Begin PBXNativeTarget section */
		A17983251E2C7BC70027F06A /* SmallBaiSi */ = {
			isa = PBXNativeTarget;
			buildConfigurationList = A17983381E2C7BC70027F06A /* Build configuration list for PBXNativeTarget "SmallBaiSi" */;
			buildPhases = (
				A17983221E2C7BC70027F06A /* Sources */,
				A17983231E2C7BC70027F06A /* Frameworks */,
				A17983241E2C7BC70027F06A /* Resources */,
			);
			buildRules = (
			);
			dependencies = (
			);
			name = SmallBaiSi;
			productName = SmallBaiSi;
			productReference = A17983261E2C7BC70027F06A /* SmallBaiSi.app */;
			productType = "com.apple.product-type.application";
		};
/* End PBXNativeTarget section */

/* Begin PBXProject section */
		A179831E1E2C7BC70027F06A /* Project object */ = {
			isa = PBXProject;
			attributes = {
				LastSwiftUpdateCheck = 0820;
				LastUpgradeCheck = 0820;
				ORGANIZATIONNAME = hongzhong;
				TargetAttributes = {
					A17983251E2C7BC70027F06A = {
						CreatedOnToolsVersion = 8.2;
						DevelopmentTeam = 2TWSPHNK64;
						ProvisioningStyle = Automatic;
					};
				};
			};
			buildConfigurationList = A17983211E2C7BC70027F06A /* Build configuration list for PBXProject "SmallBaiSi" */;
			compatibilityVersion = "Xcode 3.2";
			developmentRegion = English;
			hasScannedForEncodings = 0;
			knownRegions = (
				en,
				Base,
			);
			mainGroup = A179831D1E2C7BC70027F06A;
			productRefGroup = A17983271E2C7BC70027F06A /* Products */;
			projectDirPath = "";
			projectRoot = "";
			targets = (
				A17983251E2C7BC70027F06A /* SmallBaiSi */,
			);
		};
/* End PBXProject section */

/* Begin PBXResourcesBuildPhase section */
		A17983241E2C7BC70027F06A /* Resources */ = {
			isa = PBXResourcesBuildPhase;
			buildActionMask = 2147483647;
			files = (
				A17983311E2C7BC70027F06A /* Assets.xcassets in Resources */,
				A179832F1E2C7BC70027F06A /* Main.storyboard in Resources */,
			);
			runOnlyForDeploymentPostprocessing = 0;
		};
/* End PBXResourcesBuildPhase section */

/* Begin PBXSourcesBuildPhase section */
		A17983221E2C7BC70027F06A /* Sources */ = {
			isa = PBXSourcesBuildPhase;
			buildActionMask = 2147483647;
			files = (
				A17983581E2CFEED0027F06A /* HGEssenceController.swift in Sources */,
				A179835A1E2CFF040027F06A /* HGFollowController.swift in Sources */,
				A179832A1E2C7BC70027F06A /* AppDelegate.swift in Sources */,
				A17983471E2CFC250027F06A /* HGMainController.swift in Sources */,
				A1ADA6471E45AFA50077DE6D /* Common.swift in Sources */,
				A1ADA6451E45ACC00077DE6D /* UIView+Frame.swift in Sources */,
				A179835E1E2CFF310027F06A /* HGProfileController.swift in Sources */,
				A179835C1E2CFF190027F06A /* HGNewController.swift in Sources */,
				A1CA9C361E457DC700A1E329 /* HGNavigationController.swift in Sources */,
			);
			runOnlyForDeploymentPostprocessing = 0;
		};
/* End PBXSourcesBuildPhase section */

/* Begin PBXVariantGroup section */
		A179832D1E2C7BC70027F06A /* Main.storyboard */ = {
			isa = PBXVariantGroup;
			children = (
				A179832E1E2C7BC70027F06A /* Base */,
			);
			name = Main.storyboard;
			sourceTree = "<group>";
		};
/* End PBXVariantGroup section */

/* Begin XCBuildConfiguration section */
		A17983361E2C7BC70027F06A /* Debug */ = {
			isa = XCBuildConfiguration;
			buildSettings = {
				ALWAYS_SEARCH_USER_PATHS = NO;
				CLANG_ANALYZER_NONNULL = YES;
				CLANG_CXX_LANGUAGE_STANDARD = "gnu++0x";
				CLANG_CXX_LIBRARY = "libc++";
				CLANG_ENABLE_MODULES = YES;
				CLANG_ENABLE_OBJC_ARC = YES;
				CLANG_WARN_BOOL_CONVERSION = YES;
				CLANG_WARN_CONSTANT_CONVERSION = YES;
				CLANG_WARN_DIRECT_OBJC_ISA_USAGE = YES_ERROR;
				CLANG_WARN_DOCUMENTATION_COMMENTS = YES;
				CLANG_WARN_EMPTY_BODY = YES;
				CLANG_WARN_ENUM_CONVERSION = YES;
				CLANG_WARN_INFINITE_RECURSION = YES;
				CLANG_WARN_INT_CONVERSION = YES;
				CLANG_WARN_OBJC_ROOT_CLASS = YES_ERROR;
				CLANG_WARN_SUSPICIOUS_MOVE = YES;
				CLANG_WARN_UNREACHABLE_CODE = YES;
				CLANG_WARN__DUPLICATE_METHOD_MATCH = YES;
				"CODE_SIGN_IDENTITY[sdk=iphoneos*]" = "iPhone Developer";
				COPY_PHASE_STRIP = NO;
				DEBUG_INFORMATION_FORMAT = dwarf;
				ENABLE_STRICT_OBJC_MSGSEND = YES;
				ENABLE_TESTABILITY = YES;
				GCC_C_LANGUAGE_STANDARD = gnu99;
				GCC_DYNAMIC_NO_PIC = NO;
				GCC_NO_COMMON_BLOCKS = YES;
				GCC_OPTIMIZATION_LEVEL = 0;
				GCC_PREPROCESSOR_DEFINITIONS = (
					"DEBUG=1",
					"$(inherited)",
				);
				GCC_WARN_64_TO_32_BIT_CONVERSION = YES;
				GCC_WARN_ABOUT_RETURN_TYPE = YES_ERROR;
				GCC_WARN_UNDECLARED_SELECTOR = YES;
				GCC_WARN_UNINITIALIZED_AUTOS = YES_AGGRESSIVE;
				GCC_WARN_UNUSED_FUNCTION = YES;
				GCC_WARN_UNUSED_VARIABLE = YES;
				IPHONEOS_DEPLOYMENT_TARGET = 10.2;
				MTL_ENABLE_DEBUG_INFO = YES;
				ONLY_ACTIVE_ARCH = YES;
				SDKROOT = iphoneos;
				SWIFT_ACTIVE_COMPILATION_CONDITIONS = DEBUG;
				SWIFT_OPTIMIZATION_LEVEL = "-Onone";
			};
			name = Debug;
		};
		A17983371E2C7BC70027F06A /* Release */ = {
			isa = XCBuildConfiguration;
			buildSettings = {
				ALWAYS_SEARCH_USER_PATHS = NO;
				CLANG_ANALYZER_NONNULL = YES;
				CLANG_CXX_LANGUAGE_STANDARD = "gnu++0x";
				CLANG_CXX_LIBRARY = "libc++";
				CLANG_ENABLE_MODULES = YES;
				CLANG_ENABLE_OBJC_ARC = YES;
				CLANG_WARN_BOOL_CONVERSION = YES;
				CLANG_WARN_CONSTANT_CONVERSION = YES;
				CLANG_WARN_DIRECT_OBJC_ISA_USAGE = YES_ERROR;
				CLANG_WARN_DOCUMENTATION_COMMENTS = YES;
				CLANG_WARN_EMPTY_BODY = YES;
				CLANG_WARN_ENUM_CONVERSION = YES;
				CLANG_WARN_INFINITE_RECURSION = YES;
				CLANG_WARN_INT_CONVERSION = YES;
				CLANG_WARN_OBJC_ROOT_CLASS = YES_ERROR;
				CLANG_WARN_SUSPICIOUS_MOVE = YES;
				CLANG_WARN_UNREACHABLE_CODE = YES;
				CLANG_WARN__DUPLICATE_METHOD_MATCH = YES;
				"CODE_SIGN_IDENTITY[sdk=iphoneos*]" = "iPhone Developer";
				COPY_PHASE_STRIP = NO;
				DEBUG_INFORMATION_FORMAT = "dwarf-with-dsym";
				ENABLE_NS_ASSERTIONS = NO;
				ENABLE_STRICT_OBJC_MSGSEND = YES;
				GCC_C_LANGUAGE_STANDARD = gnu99;
				GCC_NO_COMMON_BLOCKS = YES;
				GCC_WARN_64_TO_32_BIT_CONVERSION = YES;
				GCC_WARN_ABOUT_RETURN_TYPE = YES_ERROR;
				GCC_WARN_UNDECLARED_SELECTOR = YES;
				GCC_WARN_UNINITIALIZED_AUTOS = YES_AGGRESSIVE;
				GCC_WARN_UNUSED_FUNCTION = YES;
				GCC_WARN_UNUSED_VARIABLE = YES;
				IPHONEOS_DEPLOYMENT_TARGET = 10.2;
				MTL_ENABLE_DEBUG_INFO = NO;
				SDKROOT = iphoneos;
				SWIFT_OPTIMIZATION_LEVEL = "-Owholemodule";
				VALIDATE_PRODUCT = YES;
			};
			name = Release;
		};
		A17983391E2C7BC70027F06A /* Debug */ = {
			isa = XCBuildConfiguration;
			buildSettings = {
				ASSETCATALOG_COMPILER_APPICON_NAME = AppIcon;
				ASSETCATALOG_COMPILER_LAUNCHIMAGE_NAME = LaunchImage;
				DEVELOPMENT_TEAM = 2TWSPHNK64;
				INFOPLIST_FILE = SmallBaiSi/Info.plist;
				IPHONEOS_DEPLOYMENT_TARGET = 8.0;
				LD_RUNPATH_SEARCH_PATHS = "$(inherited) @executable_path/Frameworks";
				PRODUCT_BUNDLE_IDENTIFIER = com.ghzzpg.ios.SmallBaiSi;
				PRODUCT_NAME = "$(TARGET_NAME)";
				SWIFT_VERSION = 3.0;
			};
			name = Debug;
		};
		A179833A1E2C7BC70027F06A /* Release */ = {
			isa = XCBuildConfiguration;
			buildSettings = {
				ASSETCATALOG_COMPILER_APPICON_NAME = AppIcon;
				ASSETCATALOG_COMPILER_LAUNCHIMAGE_NAME = LaunchImage;
				DEVELOPMENT_TEAM = 2TWSPHNK64;
				INFOPLIST_FILE = SmallBaiSi/Info.plist;
				IPHONEOS_DEPLOYMENT_TARGET = 8.0;
				LD_RUNPATH_SEARCH_PATHS = "$(inherited) @executable_path/Frameworks";
				PRODUCT_BUNDLE_IDENTIFIER = com.ghzzpg.ios.SmallBaiSi;
				PRODUCT_NAME = "$(TARGET_NAME)";
				SWIFT_VERSION = 3.0;
			};
			name = Release;
		};
/* End XCBuildConfiguration section */

/* Begin XCConfigurationList section */
		A17983211E2C7BC70027F06A /* Build configuration list for PBXProject "SmallBaiSi" */ = {
			isa = XCConfigurationList;
			buildConfigurations = (
				A17983361E2C7BC70027F06A /* Debug */,
				A17983371E2C7BC70027F06A /* Release */,
			);
			defaultConfigurationIsVisible = 0;
			defaultConfigurationName = Release;
		};
		A17983381E2C7BC70027F06A /* Build configuration list for PBXNativeTarget "SmallBaiSi" */ = {
			isa = XCConfigurationList;
			buildConfigurations = (
				A17983391E2C7BC70027F06A /* Debug */,
				A179833A1E2C7BC70027F06A /* Release */,
			);
			defaultConfigurationIsVisible = 0;
			defaultConfigurationName = Release;
		};
/* End XCConfigurationList section */
	};
	rootObject = A179831E1E2C7BC70027F06A /* Project object */;
}
